
Microsoft Visual Studio Solution File, Format Version 12.00
# Visual Studio Version 17
VisualStudioVersion = 17.8.34330.188
MinimumVisualStudioVersion = 10.0.40219.1
Project("{9A19103F-16F7-4668-BE54-9A1E7A4F7556}") = "RealEstate", "RealEstate\RealEstate.csproj", "{72C01A31-8C70-4544-9643-8631A8D53FE4}"
EndProject
Project("{FAE04EC0-301F-11D3-BF4B-00C04F79EFBC}") = "RealEstateGUI", "RealEstateGUI\RealEstateGUI.csproj", "{0A9A0692-8896-4E21-94F6-2D7F5761B952}"
EndProject
Global
	GlobalSection(SolutionConfigurationPlatforms) = preSolution
		Debug|Any CPU = Debug|Any CPU
		Release|Any CPU = Release|Any CPU
	EndGlobalSection
	GlobalSection(ProjectConfigurationPlatforms) = postSolution
		{72C01A31-8C70-4544-9643-8631A8D53FE4}.Debug|Any CPU.ActiveCfg = Debug|Any CPU
		{72C01A31-8C70-4544-9643-8631A8D53FE4}.Debug|Any CPU.Build.0 = Debug|Any CPU
		{72C01A31-8C70-4544-9643-8631A8D53FE4}.Release|Any CPU.ActiveCfg = Release|Any CPU
		{72C01A31-8C70-4544-9643-8631A8D53FE4}.Release|Any CPU.Build.0 = Release|Any CPU
		{0A9A0692-8896-4E21-94F6-2D7F5761B952}.Debug|Any CPU.ActiveCfg = Debug|Any CPU
		{0A9A0692-8896-4E21-94F6-2D7F5761B952}.Debug|Any CPU.Build.0 = Debug|Any CPU
		{0A9A0692-8896-4E21-94F6-2D7F5761B952}.Release|Any CPU.ActiveCfg = Release|Any CPU
		{0A9A0692-8896-4E21-94F6-2D7F5761B952}.Release|Any CPU.Build.0 = Release|Any CPU
	EndGlobalSection
	GlobalSection(SolutionProperties) = preSolution
		HideSolutionNode = FALSE
	EndGlobalSection
	GlobalSection(ExtensibilityGlobals) = postSolution
		SolutionGuid = {33340AF9-D5D3-43B5-965D-5616E74ED80D}
	EndGlobalSection
EndGlobal
